
Microsoft Visual Studio Solution File, Format Version 12.00
# Visual Studio Version 17
VisualStudioVersion = 17.9.34701.34
MinimumVisualStudioVersion = 10.0.40219.1
Project("{FAE04EC0-301F-11D3-BF4B-00C04F79EFBC}") = "Task 1-2", "Task 1-2\Task 1-2.csproj", "{EB88EA1E-92F7-4EA9-A524-87AE6B031941}"
EndProject
Global
	GlobalSection(SolutionConfigurationPlatforms) = preSolution
		Debug|Any CPU = Debug|Any CPU
		Release|Any CPU = Release|Any CPU
	EndGlobalSection
	GlobalSection(ProjectConfigurationPlatforms) = postSolution
		{EB88EA1E-92F7-4EA9-A524-87AE6B031941}.Debug|Any CPU.ActiveCfg = Debug|Any CPU
		{EB88EA1E-92F7-4EA9-A524-87AE6B031941}.Debug|Any CPU.Build.0 = Debug|Any CPU
		{EB88EA1E-92F7-4EA9-A524-87AE6B031941}.Release|Any CPU.ActiveCfg = Release|Any CPU
		{EB88EA1E-92F7-4EA9-A524-87AE6B031941}.Release|Any CPU.Build.0 = Release|Any CPU
	EndGlobalSection
	GlobalSection(SolutionProperties) = preSolution
		HideSolutionNode = FALSE
	EndGlobalSection
	GlobalSection(ExtensibilityGlobals) = postSolution
		SolutionGuid = {E878F04F-00CB-469A-A4CC-7E80E41023D6}
	EndGlobalSection
EndGlobal
